lockfileVersion: '9.0'

settings:
  autoInstallPeers: true
  excludeLinksFromLockfile: false

importers:

  .: {}

  cli:
    dependencies:
      '@sie-js/flasher':
        specifier: workspace:*
        version: link:../core
    devDependencies:
      '@types/node':
        specifier: ^22.19.15
        version: 22.20.1
      typescript:
        specifier: ^5.9.3
        version: 5.9.3

  core:
    dependencies:
      '@sie-js/serial':
        specifier: ^1.1.17
        version: 1.1.19(@serialport/stream@13.0.0)(debug@4.4.3)
      '@sie-js/vkp':
        specifier: ^2.0.2
        version: 2.0.2
      debug:
        specifier: ^4.4.3
        version: 4.4.3
      sprintf-js:
        specifier: ^1.1.3
        version: 1.1.3
    devDependencies:
      '@types/debug':
        specifier: ^4.1.12
        version: 4.1.13
      '@types/node':
        specifier: ^22.19.15
        version: 22.20.1
      '@types/sprintf-js':
        specifier: ^1.1.4
        version: 1.1.4
      typescript:
        specifier: ^5.9.3
        version: 5.9.3

  e2e:
    devDependencies:
      '@sie-js/flasher-cli':
        specifier: workspace:*
        version: link:../cli
      vklay-loaders:
        specifier: workspace:*
        version: link:../loaders

  loaders: {}

packages:

  '@serialport/bindings-interface@1.2.2':
    resolution: {integrity: sha512-CJaUd5bLvtM9c5dmO9rPBHPXTa9R2UwpkJ0wdh9JCYcbrPWsKz+ErvR0hBLeo7NPeiFdjFO4sonRljiw4d2XiA==}
    engines: {node: ^12.22 || ^14.13 || >=16}

  '@serialport/parser-delimiter@13.0.0':
    resolution: {integrity: sha512-Qqyb0FX1avs3XabQqNaZSivyVbl/yl0jywImp7ePvfZKLwx7jBZjvL+Hawt9wIG6tfq6zbFM24vzCCK7REMUig==}
    engines: {node: '>=20.0.0'}

  '@serialport/parser-readline@13.0.0':
    resolution: {integrity: sha512-dov3zYoyf0dt1Sudd1q42VVYQ4WlliF0MYvAMA3MOyiU1IeG4hl0J6buBA2w4gl3DOCC05tGgLDN/3yIL81gsA==}
    engines: {node: '>=20.0.0'}

  '@serialport/stream@13.0.0':
    resolution: {integrity: sha512-F7xLJKsjGo2WuEWMSEO1SimRcOA+WtWICsY13r0ahx8s2SecPQH06338g28OT7cW7uRXI7oEQAk62qh5gHJW3g==}
    engines: {node: '>=20.0.0'}

  '@sie-js/node-serialport-bindings-cpp@0.0.2':
    resolution: {integrity: sha512-GJGMZjkHJD4ZRpRyZxQCuM0pJvTPC5E4wX1FIjzlfGwEblBDTJlleUD5WIrk9Z7EB1b8brvbCzkl5Yb/CJYZnw==}
    engines: {node: '>=18.0.0'}

  '@sie-js/serial@1.1.19':
    resolution: {integrity: sha512-AOuTl4I1EiTobp91qD7x0UmVgjjRDdBO28W+jmB2zOu6oufA2bTDRMXOylR/Agi3yp8zZrclcdXK3p28zoV7fg==}
    peerDependencies:
      '@serialport/stream': ^13.0.0
      debug: ^4.4.3

  '@sie-js/vkp@2.0.2':
    resolution: {integrity: sha512-XCClQmH3xY/GuJdPuaLnMrGIH3igBu5T3NsCoOUm3Pcz8u5StiOyBkZsRNUmy33b4ODze6t4mIA99EVjBoh7AQ==}

  '@types/debug@4.1.13':
    resolution: {integrity: sha512-KSVgmQmzMwPlmtljOomayoR89W4FynCAi3E8PPs7vmDVPe84hT+vGPKkJfThkmXs0x0jAaa9U8uW8bbfyS2fWw==}

  '@types/ms@2.1.0':
    resolution: {integrity: sha512-GsCCIZDE/p3i96vtEqx+7dBUGXrc7zeSK3wwPHIaRThS+9OhWIXRqzs4d6k1SVU8g91DrNRWxWUGhp5KXQb2VA==}

  '@types/node@22.20.1':
    resolution: {integrity: sha512-EANqOCF9QFyra+4pfxUcX9STKJpCLjMbObVzljIJomAWSnuSIEAvyzEU53GaajbXJEgdh0iEcPL+DGvpUd4k1Q==}

  '@types/sprintf-js@1.1.4':
    resolution: {integrity: sha512-aWK1reDYWxcjgcIIPmQi3u+OQDuYa9b+lr6eIsGWrekJ9vr1NSjr4Eab8oQ1iKuH1ltFHpXGyerAv1a3FMKxzQ==}

  core-util-is@1.0.3:
    resolution: {integrity: sha512-ZQBvi1DcpJ4GDqanjucZ2Hj3wEO5pZDS89BWbkcrvdxksJorwUDDZamX9ldFkp9aw2lmBDLgkObEA4DWNJ9FYQ==}

  debug@4.4.0:
    resolution: {integrity: sha512-6WTZ/IxCY/T6BALoZHaE4ctp9xm+Z5kY/pzYaCHRFeyVhojxlrm+46y68HA6hr0TcwEssoxNiDEUJQjfPZ/RYA==}
    engines: {node: '>=6.0'}
    peerDependencies:
      supports-color: '*'
    peerDependenciesMeta:
      supports-color:
        optional: true

  debug@4.4.3:
    resolution: {integrity: sha512-RGwwWnwQvkVfavKVt22FGLw+xYSdzARwm0ru6DhTVA3umU5hZc28V3kO4stgYryrTlLpuvgI9GiijltAjNbcqA==}
    engines: {node: '>=6.0'}
    peerDependencies:
      supports-color: '*'
    peerDependenciesMeta:
      supports-color:
        optional: true

  iconv-lite@0.4.24:
    resolution: {integrity: sha512-v3MXnZAcvnywkTUEZomIActle7RXXeedOR31wwl7VlyoXO4Qi9arvSenNQWne1TcRwhCL1HwLI21bEqdpj8/rA==}
    engines: {node: '>=0.10.0'}

  iconv-lite@0.6.3:
    resolution: {integrity: sha512-4fCk79wshMdzMp2rH06qWrJE4iolqLhCUH+OiuIgU++RB0+94NlDL81atO7GX55uUKueo0txHNtvEyI6D7WdMw==}
    engines: {node: '>=0.10.0'}

  inherits@2.0.4:
    resolution: {integrity: sha512-k/vGaX4/Yla3WzyMCvTQOXYeIHvqOKtnqBduzTHpzpQZzAskKMhZ2K+EnBiSM9zGSoIFeMpXKxa4dYeZIQqewQ==}

  isarray@1.0.0:
    resolution: {integrity: sha512-VLghIWNM6ELQzo7zwmcg0NmTVyWKYjvIeM83yjp0wRDTmUnrM678fQbcKBo6n2CJEF0szoG//ytg+TKla89ALQ==}

  moo@0.5.3:
    resolution: {integrity: sha512-m2fmM2dDm7GZQsY7KK2cme8agi+AAljILjQnof7p1ZMDe6dQ4bdnSMx0cPppudoeNv5hEFQirN6u+O4fDE0IWA==}

  ms@2.1.3:
    resolution: {integrity: sha512-6FlzubTLZG3J2a/NVCAleEhjzq5oxgHyaCU9yYXvcLsvoVaHJq/s5xXI6/XXP6tz7R9xAOtHnSO/tXtF3WRTlA==}

  node-addon-api@8.3.0:
    resolution: {integrity: sha512-8VOpLHFrOQlAH+qA0ZzuGRlALRA6/LVh8QJldbrC4DY0hXoMP0l4Acq8TzFC018HztWiRqyCEj2aTWY2UvnJUg==}
    engines: {node: ^18 || ^20 || >= 21}

  node-gyp-build@4.8.4:
    resolution: {integrity: sha512-LA4ZjwlnUblHVgq0oBF3Jl/6h/Nvs5fzBLwdEF4nuxnFdsfajde4WfxtJr3CaiH+F6ewcIB/q4jQ4UzPyid+CQ==}
    hasBin: true

  process-nextick-args@2.0.1:
    resolution: {integrity: sha512-3ouUOpQhtgrbOa17J7+uxOTpITYWaGP7/AhoR3+A+/1e9skrzelGi/dXzEYyvbxubEF6Wn2ypscTKiKJFFn1ag==}

  readable-stream@2.3.8:
    resolution: {integrity: sha512-8p0AUk4XODgIewSi0l8Epjs+EVnWiK7NoDIEGU0HhE7+ZyY8D1IMY7odu5lRrFXGg71L15KG8QrPmum45RTtdA==}

  rtf-parser@1.3.3:
    resolution: {integrity: sha512-sz2eb4tcCFtwVfs5Ei/l3JnSQGqpDv+drFuNz/zwn2tA24cL2WTuk2VMo2bA4IcRgkn38juAOri2hB9nv85u2Q==}

  safe-buffer@5.1.2:
    resolution: {integrity: sha512-Gd2UZBJDkXlY7GbJxfsE8/nvKkUEU1G38c1siN6QP6a9PT9MmHB8GnpscSmMJSoF8LOIrt8ud/wPtojys4G6+g==}

  safer-buffer@2.1.2:
    resolution: {integrity: sha512-YZo3K82SD7Riyi0E1EQPojLz7kpepnSQI9IyPbHHg1XXXevb5dJI7tpyN2ADxGcQbHG7vcyRHk0cbwqcQriUtg==}

  sprintf-js@1.1.3:
    resolution: {integrity: sha512-Oo+0REFV59/rz3gfJNKQiBlwfHaSESl1pcGyABQsnnIfWOFt6JNj5gCog2U6MLZ//IGYD+nA8nI+mTShREReaA==}

  string_decoder@1.1.1:
    resolution: {integrity: sha512-n/ShnvDi6FHbbVfviro+WojiFzv+s8MPMHBczVePfUpDJLwoLT0ht1l4YwBCbi8pJAveEEdnkHyPyTP/mzRfwg==}

  typescript@5.9.3:
    resolution: {integrity: sha512-jl1vZzPDinLr9eUt3J/t7V6FgNEw9QjvBPdysz9KfQDD41fQrC2Y4vKQdiaUpFT4bXlb1RHhLpp8wtm6M5TgSw==}
    engines: {node: '>=14.17'}
    hasBin: true

  undici-types@6.21.0:
    resolution: {integrity: sha512-iwDZqg0QAGrg9Rav5H4n0M64c3mkR59cJ6wQp+7C4nI0gsmExaedaYLNO44eT4AtBBwjbTiGPMlt2Md0T9H9JQ==}

  util-deprecate@1.0.2:
    resolution: {integrity: sha512-EPD5q1uXyFxJpCrLnCc1nHnq3gOa6DZBocAIiI2TaSCA7VCJ1UJDMagCzIkXNsUYfD1daK//LTEQ8xiIbrHtcw==}

snapshots:

  '@serialport/bindings-interface@1.2.2': {}

  '@serialport/parser-delimiter@13.0.0': {}

  '@serialport/parser-readline@13.0.0':
    dependencies:
      '@serialport/parser-delimiter': 13.0.0

  '@serialport/stream@13.0.0':
    dependencies:
      '@serialport/bindings-interface': 1.2.2
      debug: 4.4.0
    transitivePeerDependencies:
      - supports-color

  '@sie-js/node-serialport-bindings-cpp@0.0.2':
    dependencies:
      '@serialport/bindings-interface': 1.2.2
      '@serialport/parser-readline': 13.0.0
      debug: 4.4.0
      node-addon-api: 8.3.0
      node-gyp-build: 4.8.4
    transitivePeerDependencies:
      - supports-color

  '@sie-js/serial@1.1.19(@serialport/stream@13.0.0)(debug@4.4.3)':
    dependencies:
      '@serialport/stream': 13.0.0
      '@sie-js/node-serialport-bindings-cpp': 0.0.2
      debug: 4.4.3
      sprintf-js: 1.1.3
    transitivePeerDependencies:
      - supports-color

  '@sie-js/vkp@2.0.2':
    dependencies:
      iconv-lite: 0.6.3
      moo: 0.5.3
      rtf-parser: 1.3.3
      sprintf-js: 1.1.3

  '@types/debug@4.1.13':
    dependencies:
      '@types/ms': 2.1.0

  '@types/ms@2.1.0': {}

  '@types/node@22.20.1':
    dependencies:
      undici-types: 6.21.0

  '@types/sprintf-js@1.1.4': {}

  core-util-is@1.0.3: {}

  debug@4.4.0:
    dependencies:
      ms: 2.1.3

  debug@4.4.3:
    dependencies:
      ms: 2.1.3

  iconv-lite@0.4.24:
    dependencies:
      safer-buffer: 2.1.2

  iconv-lite@0.6.3:
    dependencies:
      safer-buffer: 2.1.2

  inherits@2.0.4: {}

  isarray@1.0.0: {}

  moo@0.5.3: {}

  ms@2.1.3: {}

  node-addon-api@8.3.0: {}

  node-gyp-build@4.8.4: {}

  process-nextick-args@2.0.1: {}

  readable-stream@2.3.8:
    dependencies:
      core-util-is: 1.0.3
      inherits: 2.0.4
      isarray: 1.0.0
      process-nextick-args: 2.0.1
      safe-buffer: 5.1.2
      string_decoder: 1.1.1
      util-deprecate: 1.0.2

  rtf-parser@1.3.3:
    dependencies:
      iconv-lite: 0.4.24
      readable-stream: 2.3.8

  safe-buffer@5.1.2: {}

  safer-buffer@2.1.2: {}

  sprintf-js@1.1.3: {}

  string_decoder@1.1.1:
    dependencies:
      safe-buffer: 5.1.2

  typescript@5.9.3: {}

  undici-types@6.21.0: {}

  util-deprecate@1.0.2: {}
